// !$*UTF8*$!
{
	archiveVersion = 1;
	classes = {
	};
	objectVersion = 50;
	objects = {

/* Begin PBXBuildFile section */
		9506948025887F85000DC00F /* AppDelegate.swift in Sources */ = {isa = PBXBuildFile; fileRef = 9506947F25887F85000DC00F /* AppDelegate.swift */; };
		9506948225887F85000DC00F /* SceneDelegate.swift in Sources */ = {isa = PBXBuildFile; fileRef = 9506948125887F85000DC00F /* SceneDelegate.swift */; };
		9506948425887F85000DC00F /* ViewController.swift in Sources */ = {isa = PBXBuildFile; fileRef = 9506948325887F85000DC00F /* ViewController.swift */; };
		9506948725887F85000DC00F /* Main.storyboard in Resources */ = {isa = PBXBuildFile; fileRef = 9506948525887F85000DC00F /* Main.storyboard */; };
		9506948925887F86000DC00F /* Assets.xcassets in Resources */ = {isa = PBXBuildFile; fileRef = 9506948825887F86000DC00F /* Assets.xcassets */; };
		9506948C25887F86000DC00F /* LaunchScreen.storyboard in Resources */ = {isa = PBXBuildFile; fileRef = 9506948A25887F86000DC00F /* LaunchScreen.storyboard */; };
		9506949625889119000DC00F /* Game.swift in Sources */ = {isa = PBXBuildFile; fileRef = 9506949525889119000DC00F /* Game.swift */; };
		9506949F2588B278000DC00F /* EternalUiRegular-1Gap2.ttf in Resources */ = {isa = PBXBuildFile; fileRef = 9506949D2588B278000DC00F /* EternalUiRegular-1Gap2.ttf */; };
		950694A02588B278000DC00F /* EternalUiBold-jErYR.ttf in Resources */ = {isa = PBXBuildFile; fileRef = 9506949E2588B278000DC00F /* EternalUiBold-jErYR.ttf */; };
		950694A52588EA3C000DC00F /* Doom Eternal 2020.12.15 - 14.43.03.01.mp4 in Resources */ = {isa = PBXBuildFile; fileRef = 950694A32588EA3C000DC00F /* Doom Eternal 2020.12.15 - 14.43.03.01.mp4 */; };
/* End PBXBuildFile section */

/* Begin PBXFileReference section */
		9506947C25887F85000DC00F /* ApplePie.app */ = {isa = PBXFileReference; explicitFileType = wrapper.application; includeInIndex = 0; path = ApplePie.app; sourceTree = BUILT_PRODUCTS_DIR; };
		9506947F25887F85000DC00F /* AppDelegate.swift */ = {isa = PBXFileReference; lastKnownFileType = sourcecode.swift; path = AppDelegate.swift; sourceTree = "<group>"; };
		9506948125887F85000DC00F /* SceneDelegate.swift */ = {isa = PBXFileReference; lastKnownFileType = sourcecode.swift; path = SceneDelegate.swift; sourceTree = "<group>"; };
		9506948325887F85000DC00F /* ViewController.swift */ = {isa = PBXFileReference; lastKnownFileType = sourcecode.swift; path = ViewController.swift; sourceTree = "<group>"; };
		9506948625887F85000DC00F /* Base */ = {isa = PBXFileReference; lastKnownFileType = file.storyboard; name = Base; path = Base.lproj/Main.storyboard; sourceTree = "<group>"; };
		9506948825887F86000DC00F /* Assets.xcassets */ = {isa = PBXFileReference; lastKnownFileType = folder.assetcatalog; path = Assets.xcassets; sourceTree = "<group>"; };
		9506948B25887F86000DC00F /* Base */ = {isa = PBXFileReference; lastKnownFileType = file.storyboard; name = Base; path = Base.lproj/LaunchScreen.storyboard; sourceTree = "<group>"; };
		9506948D25887F86000DC00F /* Info.plist */ = {isa = PBXFileReference; lastKnownFileType = text.plist.xml; path = Info.plist; sourceTree = "<group>"; };
		9506949525889119000DC00F /* Game.swift */ = {isa = PBXFileReference; lastKnownFileType = sourcecode.swift; path = Game.swift; sourceTree = "<group>"; };
		9506949D2588B278000DC00F /* EternalUiRegular-1Gap2.ttf */ = {isa = PBXFileReference; lastKnownFileType = file; path = "EternalUiRegular-1Gap2.ttf"; sourceTree = "<group>"; };
		9506949E2588B278000DC00F /* EternalUiBold-jErYR.ttf */ = {isa = PBXFileReference; lastKnownFileType = file; path = "EternalUiBold-jErYR.ttf"; sourceTree = "<group>"; };
		950694A32588EA3C000DC00F /* Doom Eternal 2020.12.15 - 14.43.03.01.mp4 */ = {isa = PBXFileReference; lastKnownFileType = file; path = "Doom Eternal 2020.12.15 - 14.43.03.01.mp4"; sourceTree = "<group>"; };
/* End PBXFileReference section */

/* Begin PBXFrameworksBuildPhase section */
		9506947925887F85000DC00F /* Frameworks */ = {
			isa = PBXFrameworksBuildPhase;
			buildActionMask = 2147483647;
			files = (
			);
			runOnlyForDeploymentPostprocessing = 0;
		};
/* End PBXFrameworksBuildPhase section */

/* Begin PBXGroup section */
		9506947325887F85000DC00F = {
			isa = PBXGroup;
			children = (
				9506947E25887F85000DC00F /* ApplePie */,
				9506947D25887F85000DC00F /* Products */,
			);
			sourceTree = "<group>";
		};
		9506947D25887F85000DC00F /* Products */ = {
			isa = PBXGroup;
			children = (
				9506947C25887F85000DC00F /* ApplePie.app */,
			);
			name = Products;
			sourceTree = "<group>";
		};
		9506947E25887F85000DC00F /* ApplePie */ = {
			isa = PBXGroup;
			children = (
				9506947F25887F85000DC00F /* AppDelegate.swift */,
				9506948125887F85000DC00F /* SceneDelegate.swift */,
				9506948325887F85000DC00F /* ViewController.swift */,
				9506948525887F85000DC00F /* Main.storyboard */,
				9506948825887F86000DC00F /* Assets.xcassets */,
				9506948A25887F86000DC00F /* LaunchScreen.storyboard */,
				9506948D25887F86000DC00F /* Info.plist */,
				9506949525889119000DC00F /* Game.swift */,
				9506949C2588B24D000DC00F /* Recources */,
			);
			path = ApplePie;
			sourceTree = "<group>";
		};
		9506949C2588B24D000DC00F /* Recources */ = {
			isa = PBXGroup;
			children = (
				950694A32588EA3C000DC00F /* Doom Eternal 2020.12.15 - 14.43.03.01.mp4 */,
				9506949E2588B278000DC00F /* EternalUiBold-jErYR.ttf */,
				9506949D2588B278000DC00F /* EternalUiRegular-1Gap2.ttf */,
			);
			path = Recources;
			sourceTree = "<group>";
		};
/* End PBXGroup section */

/* Begin PBXNativeTarget section */
		9506947B25887F85000DC00F /* ApplePie */ = {
			isa = PBXNativeTarget;
			buildConfigurationList = 9506949025887F86000DC00F /* Build configuration list for PBXNativeTarget "ApplePie" */;
			buildPhases = (
				9506947825887F85000DC00F /* Sources */,
				9506947925887F85000DC00F /* Frameworks */,
				9506947A25887F85000DC00F /* Resources */,
			);
			buildRules = (
			);
			dependencies = (
			);
			name = ApplePie;
			productName = ApplePie;
			productReference = 9506947C25887F85000DC00F /* ApplePie.app */;
			productType = "com.apple.product-type.application";
		};
/* End PBXNativeTarget section */

/* Begin PBXProject section */
		9506947425887F85000DC00F /* Project object */ = {
			isa = PBXProject;
			attributes = {
				LastSwiftUpdateCheck = 1220;
				LastUpgradeCheck = 1220;
				TargetAttributes = {
					9506947B25887F85000DC00F = {
						CreatedOnToolsVersion = 12.2;
					};
				};
			};
			buildConfigurationList = 9506947725887F85000DC00F /* Build configuration list for PBXProject "ApplePie" */;
			compatibilityVersion = "Xcode 9.3";
			developmentRegion = en;
			hasScannedForEncodings = 0;
			knownRegions = (
				en,
				Base,
			);
			mainGroup = 9506947325887F85000DC00F;
			productRefGroup = 9506947D25887F85000DC00F /* Products */;
			projectDirPath = "";
			projectRoot = "";
			targets = (
				9506947B25887F85000DC00F /* ApplePie */,
			);
		};
/* End PBXProject section */

/* Begin PBXResourcesBuildPhase section */
		9506947A25887F85000DC00F /* Resources */ = {
			isa = PBXResourcesBuildPhase;
			buildActionMask = 2147483647;
			files = (
				9506948C25887F86000DC00F /* LaunchScreen.storyboard in Resources */,
				9506949F2588B278000DC00F /* EternalUiRegular-1Gap2.ttf in Resources */,
				950694A02588B278000DC00F /* EternalUiBold-jErYR.ttf in Resources */,
				950694A52588EA3C000DC00F /* Doom Eternal 2020.12.15 - 14.43.03.01.mp4 in Resources */,
				9506948925887F86000DC00F /* Assets.xcassets in Resources */,
				9506948725887F85000DC00F /* Main.storyboard in Resources */,
			);
			runOnlyForDeploymentPostprocessing = 0;
		};
/* End PBXResourcesBuildPhase section */

/* Begin PBXSourcesBuildPhase section */
		9506947825887F85000DC00F /* Sources */ = {
			isa = PBXSourcesBuildPhase;
			buildActionMask = 2147483647;
			files = (
				9506948425887F85000DC00F /* ViewController.swift in Sources */,
				9506948025887F85000DC00F /* AppDelegate.swift in Sources */,
				9506948225887F85000DC00F /* SceneDelegate.swift in Sources */,
				9506949625889119000DC00F /* Game.swift in Sources */,
			);
			runOnlyForDeploymentPostprocessing = 0;
		};
/* End PBXSourcesBuildPhase section */

/* Begin PBXVariantGroup section */
		9506948525887F85000DC00F /* Main.storyboard */ = {
			isa = PBXVariantGroup;
			children = (
				9506948625887F85000DC00F /* Base */,
			);
			name = Main.storyboard;
			sourceTree = "<group>";
		};
		9506948A25887F86000DC00F /* LaunchScreen.storyboard */ = {
			isa = PBXVariantGroup;
			children = (
				9506948B25887F86000DC00F /* Base */,
			);
			name = LaunchScreen.storyboard;
			sourceTree = "<group>";
		};
/* End PBXVariantGroup section */

/* Begin XCBuildConfiguration section */
		9506948E25887F86000DC00F /* Debug */ = {
			isa = XCBuildConfiguration;
			buildSettings = {
				ALWAYS_SEARCH_USER_PATHS = NO;
				CLANG_ANALYZER_NONNULL = YES;
				CLANG_ANALYZER_NUMBER_OBJECT_CONVERSION = YES_AGGRESSIVE;
				CLANG_CXX_LANGUAGE_STANDARD = "gnu++14";
				CLANG_CXX_LIBRARY = "libc++";
				CLANG_ENABLE_MODULES = YES;
				CLANG_ENABLE_OBJC_ARC = YES;
				CLANG_ENABLE_OBJC_WEAK = YES;
				CLANG_WARN_BLOCK_CAPTURE_AUTORELEASING = YES;
				CLANG_WARN_BOOL_CONVERSION = YES;
				CLANG_WARN_COMMA = YES;
				CLANG_WARN_CONSTANT_CONVERSION = YES;
				CLANG_WARN_DEPRECATED_OBJC_IMPLEMENTATIONS = YES;
				CLANG_WARN_DIRECT_OBJC_ISA_USAGE = YES_ERROR;
				CLANG_WARN_DOCUMENTATION_COMMENTS = YES;
				CLANG_WARN_EMPTY_BODY = YES;
				CLANG_WARN_ENUM_CONVERSION = YES;
				CLANG_WARN_INFINITE_RECURSION = YES;
				CLANG_WARN_INT_CONVERSION = YES;
				CLANG_WARN_NON_LITERAL_NULL_CONVERSION = YES;
				CLANG_WARN_OBJC_IMPLICIT_RETAIN_SELF = YES;
				CLANG_WARN_OBJC_LITERAL_CONVERSION = YES;
				CLANG_WARN_OBJC_ROOT_CLASS = YES_ERROR;
				CLANG_WARN_QUOTED_INCLUDE_IN_FRAMEWORK_HEADER = YES;
				CLANG_WARN_RANGE_LOOP_ANALYSIS = YES;
				CLANG_WARN_STRICT_PROTOTYPES = YES;
				CLANG_WARN_SUSPICIOUS_MOVE = YES;
				CLANG_WARN_UNGUARDED_AVAILABILITY = YES_AGGRESSIVE;
				CLANG_WARN_UNREACHABLE_CODE = YES;
				CLANG_WARN__DUPLICATE_METHOD_MATCH = YES;
				COPY_PHASE_STRIP = NO;
				DEBUG_INFORMATION_FORMAT = dwarf;
				ENABLE_STRICT_OBJC_MSGSEND = YES;
				ENABLE_TESTABILITY = YES;
				GCC_C_LANGUAGE_STANDARD = gnu11;
				GCC_DYNAMIC_NO_PIC = NO;
				GCC_NO_COMMON_BLOCKS = YES;
				GCC_OPTIMIZATION_LEVEL = 0;
				GCC_PREPROCESSOR_DEFINITIONS = (
					"DEBUG=1",
					"$(inherited)",
				);
				GCC_WARN_64_TO_32_BIT_CONVERSION = YES;
				GCC_WARN_ABOUT_RETURN_TYPE = YES_ERROR;
				GCC_WARN_UNDECLARED_SELECTOR = YES;
				GCC_WARN_UNINITIALIZED_AUTOS = YES_AGGRESSIVE;
				GCC_WARN_UNUSED_FUNCTION = YES;
				GCC_WARN_UNUSED_VARIABLE = YES;
				IPHONEOS_DEPLOYMENT_TARGET = 14.2;
				MTL_ENABLE_DEBUG_INFO = INCLUDE_SOURCE;
				MTL_FAST_MATH = YES;
				ONLY_ACTIVE_ARCH = YES;
				SDKROOT = iphoneos;
				SWIFT_ACTIVE_COMPILATION_CONDITIONS = DEBUG;
				SWIFT_OPTIMIZATION_LEVEL = "-Onone";
			};
			name = Debug;
		};
		9506948F25887F86000DC00F /* Release */ = {
			isa = XCBuildConfiguration;
			buildSettings = {
				ALWAYS_SEARCH_USER_PATHS = NO;
				CLANG_ANALYZER_NONNULL = YES;
				CLANG_ANALYZER_NUMBER_OBJECT_CONVERSION = YES_AGGRESSIVE;
				CLANG_CXX_LANGUAGE_STANDARD = "gnu++14";
				CLANG_CXX_LIBRARY = "libc++";
				CLANG_ENABLE_MODULES = YES;
				CLANG_ENABLE_OBJC_ARC = YES;
				CLANG_ENABLE_OBJC_WEAK = YES;
				CLANG_WARN_BLOCK_CAPTURE_AUTORELEASING = YES;
				CLANG_WARN_BOOL_CONVERSION = YES;
				CLANG_WARN_COMMA = YES;
				CLANG_WARN_CONSTANT_CONVERSION = YES;
				CLANG_WARN_DEPRECATED_OBJC_IMPLEMENTATIONS = YES;
				CLANG_WARN_DIRECT_OBJC_ISA_USAGE = YES_ERROR;
				CLANG_WARN_DOCUMENTATION_COMMENTS = YES;
				CLANG_WARN_EMPTY_BODY = YES;
				CLANG_WARN_ENUM_CONVERSION = YES;
				CLANG_WARN_INFINITE_RECURSION = YES;
				CLANG_WARN_INT_CONVERSION = YES;
				CLANG_WARN_NON_LITERAL_NULL_CONVERSION = YES;
				CLANG_WARN_OBJC_IMPLICIT_RETAIN_SELF = YES;
				CLANG_WARN_OBJC_LITERAL_CONVERSION = YES;
				CLANG_WARN_OBJC_ROOT_CLASS = YES_ERROR;
				CLANG_WARN_QUOTED_INCLUDE_IN_FRAMEWORK_HEADER = YES;
				CLANG_WARN_RANGE_LOOP_ANALYSIS = YES;
				CLANG_WARN_STRICT_PROTOTYPES = YES;
				CLANG_WARN_SUSPICIOUS_MOVE = YES;
				CLANG_WARN_UNGUARDED_AVAILABILITY = YES_AGGRESSIVE;
				CLANG_WARN_UNREACHABLE_CODE = YES;
				CLANG_WARN__DUPLICATE_METHOD_MATCH = YES;
				COPY_PHASE_STRIP = NO;
				DEBUG_INFORMATION_FORMAT = "dwarf-with-dsym";
				ENABLE_NS_ASSERTIONS = NO;
				ENABLE_STRICT_OBJC_MSGSEND = YES;
				GCC_C_LANGUAGE_STANDARD = gnu11;
				GCC_NO_COMMON_BLOCKS = YES;
				GCC_WARN_64_TO_32_BIT_CONVERSION = YES;
				GCC_WARN_ABOUT_RETURN_TYPE = YES_ERROR;
				GCC_WARN_UNDECLARED_SELECTOR = YES;
				GCC_WARN_UNINITIALIZED_AUTOS = YES_AGGRESSIVE;
				GCC_WARN_UNUSED_FUNCTION = YES;
				GCC_WARN_UNUSED_VARIABLE = YES;
				IPHONEOS_DEPLOYMENT_TARGET = 14.2;
				MTL_ENABLE_DEBUG_INFO = NO;
				MTL_FAST_MATH = YES;
				SDKROOT = iphoneos;
				SWIFT_COMPILATION_MODE = wholemodule;
				SWIFT_OPTIMIZATION_LEVEL = "-O";
				VALIDATE_PRODUCT = YES;
			};
			name = Release;
		};
		9506949125887F86000DC00F /* Debug */ = {
			isa = XCBuildConfiguration;
			buildSettings = {
				ASSETCATALOG_COMPILER_APPICON_NAME = AppIcon;
				ASSETCATALOG_COMPILER_GLOBAL_ACCENT_COLOR_NAME = AccentColor;
				CODE_SIGN_STYLE = Automatic;
				DEVELOPMENT_TEAM = 9T65XWHQL7;
				INFOPLIST_FILE = ApplePie/Info.plist;
				LD_RUNPATH_SEARCH_PATHS = (
					"$(inherited)",
					"@executable_path/Frameworks",
				);
				PRODUCT_BUNDLE_IDENTIFIER = MrMurmanProd.ApplePie;
				PRODUCT_NAME = "$(TARGET_NAME)";
				SWIFT_VERSION = 5.0;
				TARGETED_DEVICE_FAMILY = 2;
			};
			name = Debug;
		};
		9506949225887F86000DC00F /* Release */ = {
			isa = XCBuildConfiguration;
			buildSettings = {
				ASSETCATALOG_COMPILER_APPICON_NAME = AppIcon;
				ASSETCATALOG_COMPILER_GLOBAL_ACCENT_COLOR_NAME = AccentColor;
				CODE_SIGN_STYLE = Automatic;
				DEVELOPMENT_TEAM = 9T65XWHQL7;
				INFOPLIST_FILE = ApplePie/Info.plist;
				LD_RUNPATH_SEARCH_PATHS = (
					"$(inherited)",
					"@executable_path/Frameworks",
				);
				PRODUCT_BUNDLE_IDENTIFIER = MrMurmanProd.ApplePie;
				PRODUCT_NAME = "$(TARGET_NAME)";
				SWIFT_VERSION = 5.0;
				TARGETED_DEVICE_FAMILY = 2;
			};
			name = Release;
		};
/* End XCBuildConfiguration section */

/* Begin XCConfigurationList section */
		9506947725887F85000DC00F /* Build configuration list for PBXProject "ApplePie" */ = {
			isa = XCConfigurationList;
			buildConfigurations = (
				9506948E25887F86000DC00F /* Debug */,
				9506948F25887F86000DC00F /* Release */,
			);
			defaultConfigurationIsVisible = 0;
			defaultConfigurationName = Release;
		};
		9506949025887F86000DC00F /* Build configuration list for PBXNativeTarget "ApplePie" */ = {
			isa = XCConfigurationList;
			buildConfigurations = (
				9506949125887F86000DC00F /* Debug */,
				9506949225887F86000DC00F /* Release */,
			);
			defaultConfigurationIsVisible = 0;
			defaultConfigurationName = Release;
		};
/* End XCConfigurationList section */
	};
	rootObject = 9506947425887F85000DC00F /* Project object */;
}
